
Microsoft Visual Studio Solution File, Format Version 12.00
# Visual Studio Version 16
VisualStudioVersion = 16.0.31112.23
MinimumVisualStudioVersion = 10.0.40219.1
Project("{9A19103F-16F7-4668-BE54-9A1E7A4F7556}") = "Code", "Source\Code.csproj", "{D7D21B4A-1DA7-41D8-B202-C58CA8FA62AA}"
	ProjectSection(ProjectDependencies) = postProject
		{70EC57B9-D44F-42B1-9AB6-7AF296AB435B} = {70EC57B9-D44F-42B1-9AB6-7AF296AB435B}
	EndProjectSection
EndProject
Project("{9A19103F-16F7-4668-BE54-9A1E7A4F7556}") = "Code", "..\ZzZomboRW\Source\Code.csproj", "{70EC57B9-D44F-42B1-9AB6-7AF296AB435B}"
EndProject
Project("{D954291E-2A0B-460D-934E-DC6B0785DB48}") = "Content", "Content.shproj", "{2B8050E3-2030-4648-91DA-6101FEB69C3B}"
EndProject
Project("{FAE04EC0-301F-11D3-BF4B-00C04F79EFBC}") = "Decompiled RW v1.2", "I:\dev\RimWorld\RW\source-v1.2\Decompiled RW v1.2.csproj", "{CA27B971-6104-453D-A09F-1C5767BFEC13}"
EndProject
Project("{FAE04EC0-301F-11D3-BF4B-00C04F79EFBC}") = "Decompiled RW v1.3", "I:\dev\RimWorld\RW\source-v1.3\Decompiled RW v1.3.csproj", "{C0B8C128-8D60-4D73-859C-D6BCC7748D3F}"
EndProject
Global
	GlobalSection(SharedMSBuildProjectFiles) = preSolution
		Content.projitems*{2b8050e3-2030-4648-91da-6101feb69c3b}*SharedItemsImports = 13
	EndGlobalSection
	GlobalSection(SolutionConfigurationPlatforms) = preSolution
		Debug|Any CPU = Debug|Any CPU
		Release|Any CPU = Release|Any CPU
	EndGlobalSection
	GlobalSection(ProjectConfigurationPlatforms) = postSolution
		{D7D21B4A-1DA7-41D8-B202-C58CA8FA62AA}.Debug|Any CPU.ActiveCfg = Debug|Any CPU
		{D7D21B4A-1DA7-41D8-B202-C58CA8FA62AA}.Debug|Any CPU.Build.0 = Debug|Any CPU
		{D7D21B4A-1DA7-41D8-B202-C58CA8FA62AA}.Release|Any CPU.ActiveCfg = Release|Any CPU
		{D7D21B4A-1DA7-41D8-B202-C58CA8FA62AA}.Release|Any CPU.Build.0 = Release|Any CPU
		{70EC57B9-D44F-42B1-9AB6-7AF296AB435B}.Debug|Any CPU.ActiveCfg = Debug|Any CPU
		{70EC57B9-D44F-42B1-9AB6-7AF296AB435B}.Debug|Any CPU.Build.0 = Debug|Any CPU
		{70EC57B9-D44F-42B1-9AB6-7AF296AB435B}.Release|Any CPU.ActiveCfg = Release|Any CPU
		{70EC57B9-D44F-42B1-9AB6-7AF296AB435B}.Release|Any CPU.Build.0 = Release|Any CPU
		{CA27B971-6104-453D-A09F-1C5767BFEC13}.Debug|Any CPU.ActiveCfg = Debug|Any CPU
		{CA27B971-6104-453D-A09F-1C5767BFEC13}.Release|Any CPU.ActiveCfg = Release|Any CPU
		{C0B8C128-8D60-4D73-859C-D6BCC7748D3F}.Debug|Any CPU.ActiveCfg = Debug|Any CPU
		{C0B8C128-8D60-4D73-859C-D6BCC7748D3F}.Debug|Any CPU.Build.0 = Debug|Any CPU
		{C0B8C128-8D60-4D73-859C-D6BCC7748D3F}.Release|Any CPU.ActiveCfg = Release|Any CPU
		{C0B8C128-8D60-4D73-859C-D6BCC7748D3F}.Release|Any CPU.Build.0 = Release|Any CPU
	EndGlobalSection
	GlobalSection(SolutionProperties) = preSolution
		HideSolutionNode = FALSE
	EndGlobalSection
	GlobalSection(ExtensibilityGlobals) = postSolution
		SolutionGuid = {28CF9A73-5333-4EB3-BFCC-3FBEDDA19200}
	EndGlobalSection
EndGlobal
